
Microsoft Visual Studio Solution File, Format Version 12.00
# Visual Studio Version 16
VisualStudioVersion = 16.0.29230.47
MinimumVisualStudioVersion = 10.0.40219.1
Project("{9A19103F-16F7-4668-BE54-9A1E7A4F7556}") = "SmartRetail.App.DAL", "SmartRetail.App.DAL\SmartRetail.App.DAL.csproj", "{1D20BB89-6D56-426E-9021-FB56282DCD16}"
EndProject
Project("{9A19103F-16F7-4668-BE54-9A1E7A4F7556}") = "SmartRetail.App.Web", "SmartRetail.App.Web\SmartRetail.App.Web.csproj", "{66E163A3-3FB0-4F44-810F-652A749FF15D}"
EndProject
Project("{9A19103F-16F7-4668-BE54-9A1E7A4F7556}") = "SmartRetail.App.Test", "SmartRetail.App.Test\SmartRetail.App.Test.csproj", "{E2D74AC4-75D0-413C-84AD-567581932ADC}"
EndProject
Project("{9A19103F-16F7-4668-BE54-9A1E7A4F7556}") = "SmartRetail.App.DAL.DropBox", "SmartRetail.App.DAL.DropBox\SmartRetail.App.DAL.DropBox.csproj", "{3C33A8E1-7E7E-4A66-99DB-BAE5C090578F}"
EndProject
Project("{9A19103F-16F7-4668-BE54-9A1E7A4F7556}") = "SmartRetail.App.DAL.BLL", "SmartRetail.App.DAL.BLL\SmartRetail.App.DAL.BLL.csproj", "{732C0624-A554-4831-A6CB-CB832F6D2642}"
EndProject
Project("{FAE04EC0-301F-11D3-BF4B-00C04F79EFBC}") = "SR.DAL", "SR.DAL\SR.DAL.csproj", "{75ABDCC9-8A39-4759-BAA7-B000CE8CEB44}"
EndProject
Global
	GlobalSection(SolutionConfigurationPlatforms) = preSolution
		Debug|Any CPU = Debug|Any CPU
		Release|Any CPU = Release|Any CPU
	EndGlobalSection
	GlobalSection(ProjectConfigurationPlatforms) = postSolution
		{1D20BB89-6D56-426E-9021-FB56282DCD16}.Debug|Any CPU.ActiveCfg = Debug|Any CPU
		{1D20BB89-6D56-426E-9021-FB56282DCD16}.Debug|Any CPU.Build.0 = Debug|Any CPU
		{1D20BB89-6D56-426E-9021-FB56282DCD16}.Release|Any CPU.ActiveCfg = Release|Any CPU
		{1D20BB89-6D56-426E-9021-FB56282DCD16}.Release|Any CPU.Build.0 = Release|Any CPU
		{66E163A3-3FB0-4F44-810F-652A749FF15D}.Debug|Any CPU.ActiveCfg = Debug|Any CPU
		{66E163A3-3FB0-4F44-810F-652A749FF15D}.Debug|Any CPU.Build.0 = Debug|Any CPU
		{66E163A3-3FB0-4F44-810F-652A749FF15D}.Release|Any CPU.ActiveCfg = Release|Any CPU
		{66E163A3-3FB0-4F44-810F-652A749FF15D}.Release|Any CPU.Build.0 = Release|Any CPU
		{E2D74AC4-75D0-413C-84AD-567581932ADC}.Debug|Any CPU.ActiveCfg = Debug|Any CPU
		{E2D74AC4-75D0-413C-84AD-567581932ADC}.Debug|Any CPU.Build.0 = Debug|Any CPU
		{E2D74AC4-75D0-413C-84AD-567581932ADC}.Release|Any CPU.ActiveCfg = Release|Any CPU
		{E2D74AC4-75D0-413C-84AD-567581932ADC}.Release|Any CPU.Build.0 = Release|Any CPU
		{3C33A8E1-7E7E-4A66-99DB-BAE5C090578F}.Debug|Any CPU.ActiveCfg = Debug|Any CPU
		{3C33A8E1-7E7E-4A66-99DB-BAE5C090578F}.Debug|Any CPU.Build.0 = Debug|Any CPU
		{3C33A8E1-7E7E-4A66-99DB-BAE5C090578F}.Release|Any CPU.ActiveCfg = Release|Any CPU
		{3C33A8E1-7E7E-4A66-99DB-BAE5C090578F}.Release|Any CPU.Build.0 = Release|Any CPU
		{732C0624-A554-4831-A6CB-CB832F6D2642}.Debug|Any CPU.ActiveCfg = Debug|Any CPU
		{732C0624-A554-4831-A6CB-CB832F6D2642}.Debug|Any CPU.Build.0 = Debug|Any CPU
		{732C0624-A554-4831-A6CB-CB832F6D2642}.Release|Any CPU.ActiveCfg = Release|Any CPU
		{732C0624-A554-4831-A6CB-CB832F6D2642}.Release|Any CPU.Build.0 = Release|Any CPU
		{75ABDCC9-8A39-4759-BAA7-B000CE8CEB44}.Debug|Any CPU.ActiveCfg = Debug|Any CPU
		{75ABDCC9-8A39-4759-BAA7-B000CE8CEB44}.Debug|Any CPU.Build.0 = Debug|Any CPU
		{75ABDCC9-8A39-4759-BAA7-B000CE8CEB44}.Release|Any CPU.ActiveCfg = Release|Any CPU
		{75ABDCC9-8A39-4759-BAA7-B000CE8CEB44}.Release|Any CPU.Build.0 = Release|Any CPU
	EndGlobalSection
	GlobalSection(SolutionProperties) = preSolution
		HideSolutionNode = FALSE
	EndGlobalSection
	GlobalSection(ExtensibilityGlobals) = postSolution
		SolutionGuid = {18AA3DF5-8869-4076-AB77-7EDCB39D5BE0}
	EndGlobalSection
EndGlobal
